
Microsoft Visual Studio Solution File, Format Version 12.00
# Visual Studio 2013
VisualStudioVersion = 12.0.21005.1
MinimumVisualStudioVersion = 10.0.40219.1
Project("{2150E333-8FDC-42A3-9474-1A3956D46DE8}") = "Presentation", "Presentation", "{0151A8AA-5E00-4924-A7BC-543A70D68892}"
EndProject
Project("{2150E333-8FDC-42A3-9474-1A3956D46DE8}") = "Infrastructure", "Infrastructure", "{2EA246D5-77D6-4E17-8EF5-591CA15D4E98}"
EndProject
Project("{2150E333-8FDC-42A3-9474-1A3956D46DE8}") = "DataTier", "DataTier", "{05824268-64EF-4A7B-B753-CD44138A7EDE}"
EndProject
Project("{2150E333-8FDC-42A3-9474-1A3956D46DE8}") = "Passport", "Passport", "{5A4F32B3-51D8-44F0-9887-EF753F83D62E}"
EndProject
Project("{2150E333-8FDC-42A3-9474-1A3956D46DE8}") = "Business", "Business", "{23A218C7-5AA3-478B-A811-47D4C36B35F5}"
EndProject
Project("{2150E333-8FDC-42A3-9474-1A3956D46DE8}") = "Services", "Services", "{59590B3D-2EDC-45B9-8E8A-3E3A56B78857}"
EndProject
Project("{FAE04EC0-301F-11D3-BF4B-00C04F79EFBC}") = "HRM.Infrastructure.Security", "Infrastructure\HRM.Infrastructure.Security\HRM.Infrastructure.Security.csproj", "{DE9567DD-79B7-4474-9290-5E218A484210}"
EndProject
Project("{FAE04EC0-301F-11D3-BF4B-00C04F79EFBC}") = "HRM.Infrastructure.Utilities", "Infrastructure\HRM.Infrastructure.Utilities\HRM.Infrastructure.Utilities.csproj", "{CE135F01-8B3E-4552-8FA8-12DBD4899A61}"
EndProject
Project("{FAE04EC0-301F-11D3-BF4B-00C04F79EFBC}") = "HRM.Infrastructure.Logging", "Infrastructure\HRM.Infrastructure.Logging\HRM.Infrastructure.Logging.csproj", "{D5EE1C8B-5D7D-4D56-8ED4-8BCAE309169A}"
EndProject
Project("{FAE04EC0-301F-11D3-BF4B-00C04F79EFBC}") = "HRM.Presentation.Main", "Presentation\HRM.Presentation.Main\HRM.Presentation.Main.csproj", "{D36DE45A-473B-4FE7-ADAB-780015774BA5}"
EndProject
Project("{FAE04EC0-301F-11D3-BF4B-00C04F79EFBC}") = "HRM.Business.HrmSystem.Domain", "Business\HRM.Business.System.Domain\HRM.Business.HrmSystem.Domain.csproj", "{D8973D14-AF21-4824-9E8C-7D2023A52D3C}"
EndProject
Project("{FAE04EC0-301F-11D3-BF4B-00C04F79EFBC}") = "HRM.Presentation.HrmSystem.Service", "Presentation\HRM.Presentation.HrmSystem.Service\HRM.Presentation.HrmSystem.Service.csproj", "{379B95D4-2793-4DA4-B6F9-73E55140AC68}"
EndProject
Project("{FAE04EC0-301F-11D3-BF4B-00C04F79EFBC}") = "HRM.Business.Main.Domain", "Business\HRM.Business.Main.Domain\HRM.Business.Main.Domain.csproj", "{12DE2420-66E6-4C96-B5DD-C3C226E39EC0}"
EndProject
Project("{FAE04EC0-301F-11D3-BF4B-00C04F79EFBC}") = "HRM.Data.BaseRepository", "Data\HRM.Data.BaseRepository\HRM.Data.BaseRepository.csproj", "{64BEB912-8F86-4098-9824-49810A9AC311}"
EndProject
Project("{FAE04EC0-301F-11D3-BF4B-00C04F79EFBC}") = "HRM.Presentation.UI.Controls", "Presentation\HRM.Presentation.UI.Controls\HRM.Presentation.UI.Controls.csproj", "{7E7F4CFE-6DB2-4CF9-9751-8475EE29E091}"
EndProject
Project("{FAE04EC0-301F-11D3-BF4B-00C04F79EFBC}") = "HRM.Business.Category.Domain", "Business\HRM.Business.Category.Domain\HRM.Business.Category.Domain.csproj", "{F5EB96B7-BC7B-4A60-BBE5-B98376E7CFA1}"
EndProject
Project("{FAE04EC0-301F-11D3-BF4B-00C04F79EFBC}") = "HRM.Presentation.HrmSystem.Models", "Presentation\HRM.Presentation.HrmSystem.Models\HRM.Presentation.HrmSystem.Models.csproj", "{0E3A9A84-28A5-47CE-9BEF-1ED444E12C38}"
EndProject
Project("{FAE04EC0-301F-11D3-BF4B-00C04F79EFBC}") = "HRM.Presentation.Category.Models", "Presentation\HRM.Presentation.Category.Models\HRM.Presentation.Category.Models.csproj", "{589BEEA2-C185-4111-907D-1E4C55CA2EB7}"
EndProject
Project("{FAE04EC0-301F-11D3-BF4B-00C04F79EFBC}") = "HRM.Business.Hr.Domain", "Business\HRM.Business.Hr.Domain\HRM.Business.Hr.Domain.csproj", "{722840B3-688A-4435-9277-B509D7E4A14F}"
EndProject
Project("{FAE04EC0-301F-11D3-BF4B-00C04F79EFBC}") = "HRM.Presentation.Hr.Models", "Presentation\HRM.Presentation.Hr.Models\HRM.Presentation.Hr.Models.csproj", "{09EA2554-6D72-48EE-A682-44DFC80E7F2D}"
EndProject
Project("{FAE04EC0-301F-11D3-BF4B-00C04F79EFBC}") = "HRM.Business.Attendance.Domain", "Business\HRM.Business.Attendance.Domain\HRM.Business.Attendance.Domain.csproj", "{C4E9CE48-8947-4357-B403-7FBDC30E5B6A}"
EndProject
Project("{FAE04EC0-301F-11D3-BF4B-00C04F79EFBC}") = "HRM.Presentation.Attendance.Models", "Presentation\HRM.Presentation.Attendance.Models\HRM.Presentation.Attendance.Models.csproj", "{62DEB639-1429-4BE2-9187-074352279C77}"
EndProject
Project("{FAE04EC0-301F-11D3-BF4B-00C04F79EFBC}") = "HRM.Business.Hr.Models", "Business\HRM.Business.Hr.Models\HRM.Business.Hr.Models.csproj", "{B6C30898-69DD-498F-9B68-65939BF7865F}"
EndProject
Project("{FAE04EC0-301F-11D3-BF4B-00C04F79EFBC}") = "HRM.Business.Attendance.Models", "Business\HRM.Business.Attendance.Models\HRM.Business.Attendance.Models.csproj", "{FC400BCF-F5D7-4005-B02A-91EAD7FEA68B}"
EndProject
Project("{FAE04EC0-301F-11D3-BF4B-00C04F79EFBC}") = "HRM.Business.Category.Models", "Business\HRM.Business.Category.Models\HRM.Business.Category.Models.csproj", "{F537570E-1A58-4F60-9027-BCE42DF75BC8}"
EndProject
Project("{FAE04EC0-301F-11D3-BF4B-00C04F79EFBC}") = "HRM.Business.HrmSystem.Models", "Business\HRM.Business.HrmSystem.Models\HRM.Business.HrmSystem.Models.csproj", "{FDB8C774-5A65-4E61-B647-13D87FBCEAFC}"
EndProject
Project("{2150E333-8FDC-42A3-9474-1A3956D46DE8}") = "NuintTest", "NuintTest", "{25056028-3F3B-41F5-B474-445FE91074E3}"
EndProject
Project("{FAE04EC0-301F-11D3-BF4B-00C04F79EFBC}") = "HRM.Business.Laundry.Domain", "Business\HRM.Business.Laundry.Domain\HRM.Business.Laundry.Domain.csproj", "{FD518449-7EA1-416B-948C-32118DE47D5A}"
EndProject
Project("{FAE04EC0-301F-11D3-BF4B-00C04F79EFBC}") = "HRM.Business.Laundry.Models", "Business\HRM.Business.Laundry.Models\HRM.Business.Laundry.Models.csproj", "{E096F5A7-FFE9-4C39-ADA5-F27D93B10D3F}"
EndProject
Project("{FAE04EC0-301F-11D3-BF4B-00C04F79EFBC}") = "HRM.Business.Canteen.Models", "Business\HRM.Business.Canteen.Models\HRM.Business.Canteen.Models.csproj", "{82BCA05F-FE8C-4C5A-824B-2477A5DC3973}"
EndProject
Project("{FAE04EC0-301F-11D3-BF4B-00C04F79EFBC}") = "HRM.Business.Canteen.Domain", "Business\HRM.Business.Canteen.Domain\HRM.Business.Canteen.Domain.csproj", "{B0E06625-1FC6-4C4C-BEB6-74E0E614DBAD}"
EndProject
Project("{FAE04EC0-301F-11D3-BF4B-00C04F79EFBC}") = "HRM.Presentation.Laundry.Models", "Presentation\HRM.Presentation.Laundry.Models\HRM.Presentation.Laundry.Models.csproj", "{FCDD83F8-2B53-4FBE-A515-639755AB6806}"
EndProject
Project("{FAE04EC0-301F-11D3-BF4B-00C04F79EFBC}") = "HRM.Presentation.Canteen.Models", "Presentation\HRM.Presentation.Canteen.Models\HRM.Presentation.Canteen.Models.csproj", "{CBA00928-0DE5-4515-8DF5-03E0105E5D24}"
EndProject
Project("{FAE04EC0-301F-11D3-BF4B-00C04F79EFBC}") = "HRM.Presentation.Service", "Presentation\HRM.Presentation.Service\HRM.Presentation.Service.csproj", "{8BF02359-8C03-496A-ADCB-F7A4745E6BFD}"
EndProject
Project("{FAE04EC0-301F-11D3-BF4B-00C04F79EFBC}") = "HRM.Data.Entity", "Data\HRM.Data.Entity\HRM.Data.Entity.csproj", "{F8F95FFD-BF12-4183-8990-1829F48EA2A6}"
EndProject
Project("{FAE04EC0-301F-11D3-BF4B-00C04F79EFBC}") = "HRM.Business.BaseModel", "Business\HRM.Business.BaseModel\HRM.Business.BaseModel.csproj", "{BB647CAF-BE07-4C51-9860-8F76BD0D45F5}"
EndProject
Project("{FAE04EC0-301F-11D3-BF4B-00C04F79EFBC}") = "HRM.Business.Evaluation.Models", "Business\HRM.Business.Evaluation.Models\HRM.Business.Evaluation.Models.csproj", "{10468E2B-EF26-440F-8B1B-1E0A4B5F87CD}"
EndProject
Project("{FAE04EC0-301F-11D3-BF4B-00C04F79EFBC}") = "HRM.Business.Evaluation.Domain", "Business\HRM.Business.Evaluation.Domain\HRM.Business.Evaluation.Domain.csproj", "{7592E3C6-8B6F-4A63-AB5B-CFA65659335C}"
EndProject
Project("{FAE04EC0-301F-11D3-BF4B-00C04F79EFBC}") = "HRM.Presentation.Evaluation.Models", "Presentation\HRM.Presentation.Evaluation.Models\HRM.Presentation.Evaluation.Models.csproj", "{6BDAA7B5-3D01-400E-9A69-7594D6AE78E1}"
EndProject
Project("{FAE04EC0-301F-11D3-BF4B-00C04F79EFBC}") = "HRM.Presentation.EmpPortal", "Presentation\HRM.Presentation.EmpPortal\HRM.Presentation.EmpPortal.csproj", "{94B5B661-92B6-4EB1-ABEE-A959E818F323}"
EndProject
Project("{FAE04EC0-301F-11D3-BF4B-00C04F79EFBC}") = "HRM.Business.Insurance.Models", "Business\HRM.Business.Insurance.Models\HRM.Business.Insurance.Models.csproj", "{277CE600-19C3-47F8-9D0A-72DECDA280E1}"
EndProject
Project("{FAE04EC0-301F-11D3-BF4B-00C04F79EFBC}") = "HRM.Business.Insurance.Domain", "Business\HRM.Business.Insurance.Domain\HRM.Business.Insurance.Domain.csproj", "{8B20A055-84A6-485A-8BB4-1572BA29FD09}"
EndProject
Project("{FAE04EC0-301F-11D3-BF4B-00C04F79EFBC}") = "HRM.Presentation.Insurance.Models", "Presentation\HRM.Presentation.Insurance.Models\HRM.Presentation.Insurance.Models.csproj", "{B7A58618-065D-45DF-827B-E4BFCDE95A40}"
EndProject
Project("{FAE04EC0-301F-11D3-BF4B-00C04F79EFBC}") = "HRM.Business.Recruitment.Domain", "Business\HRM.Business.Recruitment.Domain\HRM.Business.Recruitment.Domain.csproj", "{B8052119-B37B-4600-88A5-66FBEEF61295}"
EndProject
Project("{FAE04EC0-301F-11D3-BF4B-00C04F79EFBC}") = "HRM.Business.Recruitment.Models", "Business\HRM.Business.Recruitment.Models\HRM.Business.Recruitment.Models.csproj", "{C4BFC959-FB35-4391-821D-DE76079F111C}"
EndProject
Project("{FAE04EC0-301F-11D3-BF4B-00C04F79EFBC}") = "HRM.Data.Repository", "Data\HRM.Data.Repository\HRM.Data.Repository.csproj", "{5AC13A5F-C05C-4DF7-8709-842433C30B2B}"
EndProject
Project("{FAE04EC0-301F-11D3-BF4B-00C04F79EFBC}") = "HRM.Presentation.Hr.Service", "Presentation\HRM.Presentation.Hr.Service\HRM.Presentation.Hr.Service.csproj", "{C627C156-C2F2-4E5B-BC14-08AD6111441E}"
EndProject
Project("{FAE04EC0-301F-11D3-BF4B-00C04F79EFBC}") = "HRM.Infrastructure.CalcEngine", "Infrastructure\HRM.Infrastructure.CalcEngine\HRM.Infrastructure.CalcEngine.csproj", "{F5A95BEA-293A-4D5C-8BFC-EEBA5CCD605E}"
EndProject
Project("{FAE04EC0-301F-11D3-BF4B-00C04F79EFBC}") = "HRM.Business.Training.Models", "Business\HRM.Business.Training.Model\HRM.Business.Training.Models.csproj", "{7610573D-C841-4DD0-A50F-8406A8CB0B38}"
EndProject
Project("{FAE04EC0-301F-11D3-BF4B-00C04F79EFBC}") = "HRM.Business.Training.Domain", "Business\HRM.Business.Training.Domain\HRM.Business.Training.Domain.csproj", "{B734A686-6A93-4EA6-BD07-B2D2BB979C83}"
EndProject
Project("{FAE04EC0-301F-11D3-BF4B-00C04F79EFBC}") = "HRM.Presentation.Training.Models", "Presentation\HRM.Presentation.Training.Models\HRM.Presentation.Training.Models.csproj", "{ECB7EB5B-FCED-4EAF-82A6-6B934B766D58}"
EndProject
Project("{FAE04EC0-301F-11D3-BF4B-00C04F79EFBC}") = "HRM.Business.Library.Domain", "Business\HRM.Business.Library.Domain\HRM.Business.Library.Domain.csproj", "{926D24C6-64F4-43DE-9E78-987D188E13A2}"
EndProject
Project("{FAE04EC0-301F-11D3-BF4B-00C04F79EFBC}") = "HRM.Business.Finance.Domain", "Business\HRM.Business.Finance.Domain\HRM.Business.Finance.Domain.csproj", "{639827D9-0826-4B1F-ACD7-8A0A6B1B3A59}"
EndProject
Project("{FAE04EC0-301F-11D3-BF4B-00C04F79EFBC}") = "HRM.Business.Finance.Models", "Business\HRM.Business.Finance.Models\HRM.Business.Finance.Models.csproj", "{BA34EF07-BF38-4F4E-B6D6-AD0901AB4A8F}"
EndProject
Project("{FAE04EC0-301F-11D3-BF4B-00C04F79EFBC}") = "HRM.Business.Report.Domain", "Business\HRM.Business.Report.Domain\HRM.Business.Report.Domain.csproj", "{F42AA921-CE32-4710-B589-68E7E45E4138}"
EndProject
Project("{FAE04EC0-301F-11D3-BF4B-00C04F79EFBC}") = "HRM.Business.Report.Models", "Business\HRM.Business.Report.Models\HRM.Business.Report.Models.csproj", "{BCDA6D3E-5CFA-4708-80E6-47705D43FC21}"
EndProject
Project("{FAE04EC0-301F-11D3-BF4B-00C04F79EFBC}") = "HRM.Business.Payroll.Domain", "Business\HRM.Business.Payroll.Domain\HRM.Business.Payroll.Domain.csproj", "{02EC1F5B-8E30-4DD8-BFD4-9A093BE4A6C3}"
EndProject
Project("{FAE04EC0-301F-11D3-BF4B-00C04F79EFBC}") = "HRM.Business.Payroll.Models", "Business\HRM.Business.Payroll.Models\HRM.Business.Payroll.Models.csproj", "{58D64F4A-E33B-4DE0-8089-2E9876935758}"
EndProject
Project("{FAE04EC0-301F-11D3-BF4B-00C04F79EFBC}") = "HRM.Presentation.Payroll.Models", "Presentation\HRM.Presentation.Payroll.Models\HRM.Presentation.Payroll.Models.csproj", "{D04A8FD5-A96A-4B0D-AB4E-A0F4B9CE360A}"
EndProject
Project("{FAE04EC0-301F-11D3-BF4B-00C04F79EFBC}") = "HRM.Presentation.Recruitment.Models", "Presentation\HRM.Presentation.Recruitment.Models\HRM.Presentation.Recruitment.Models.csproj", "{8FF3AAC7-DF7C-4F20-8957-118A229C11EA}"
EndProject
Global
	GlobalSection(TeamFoundationVersionControl) = preSolution
		SccNumberOfProjects = 54
		SccEnterpriseProvider = {4CA58AB2-18FA-4F8D-95D4-32DDF27D184C}
		SccTeamFoundationServer = http://192.168.1.10:8080/tfs/vnrprojects
		SccLocalPath0 = .
		SccProjectUniqueName1 = Business\\HRM.Business.Attendance.Domain\\HRM.Business.Attendance.Domain.csproj
		SccProjectTopLevelParentUniqueName1 = VnResourceHRM\u00208.sln
		SccProjectName1 = Business/HRM.Business.Attendance.Domain
		SccLocalPath1 = Business\\HRM.Business.Attendance.Domain
		SccProjectUniqueName2 = Business\\HRM.Business.Attendance.Models\\HRM.Business.Attendance.Models.csproj
		SccProjectTopLevelParentUniqueName2 = VnResourceHRM\u00208.sln
		SccProjectName2 = Business/HRM.Business.Attendance.Models
		SccLocalPath2 = Business\\HRM.Business.Attendance.Models
		SccProjectUniqueName3 = Business\\HRM.Business.BaseModel\\HRM.Business.BaseModel.csproj
		SccProjectTopLevelParentUniqueName3 = VnResourceHRM\u00208.sln
		SccProjectName3 = Business/HRM.Business.BaseModel
		SccLocalPath3 = Business\\HRM.Business.BaseModel
		SccProjectUniqueName4 = Business\\HRM.Business.Canteen.Domain\\HRM.Business.Canteen.Domain.csproj
		SccProjectTopLevelParentUniqueName4 = VnResourceHRM\u00208.sln
		SccProjectName4 = Business/HRM.Business.Canteen.Domain
		SccLocalPath4 = Business\\HRM.Business.Canteen.Domain
		SccProjectUniqueName5 = Business\\HRM.Business.Canteen.Models\\HRM.Business.Canteen.Models.csproj
		SccProjectTopLevelParentUniqueName5 = VnResourceHRM\u00208.sln
		SccProjectName5 = Business/HRM.Business.Canteen.Models
		SccLocalPath5 = Business\\HRM.Business.Canteen.Models
		SccProjectUniqueName6 = Business\\HRM.Business.Category.Domain\\HRM.Business.Category.Domain.csproj
		SccProjectTopLevelParentUniqueName6 = VnResourceHRM\u00208.sln
		SccProjectName6 = Business/HRM.Business.Category.Domain
		SccLocalPath6 = Business\\HRM.Business.Category.Domain
		SccProjectUniqueName7 = Business\\HRM.Business.Category.Models\\HRM.Business.Category.Models.csproj
		SccProjectTopLevelParentUniqueName7 = VnResourceHRM\u00208.sln
		SccProjectName7 = Business/HRM.Business.Category.Models
		SccLocalPath7 = Business\\HRM.Business.Category.Models
		SccProjectUniqueName8 = Business\\HRM.Business.Evaluation.Domain\\HRM.Business.Evaluation.Domain.csproj
		SccProjectTopLevelParentUniqueName8 = VnResourceHRM\u00208.sln
		SccProjectName8 = Business/HRM.Business.Evaluation.Domain
		SccLocalPath8 = Business\\HRM.Business.Evaluation.Domain
		SccProjectUniqueName9 = Business\\HRM.Business.Evaluation.Models\\HRM.Business.Evaluation.Models.csproj
		SccProjectTopLevelParentUniqueName9 = VnResourceHRM\u00208.sln
		SccProjectName9 = Business/HRM.Business.Evaluation.Models
		SccLocalPath9 = Business\\HRM.Business.Evaluation.Models
		SccProjectUniqueName10 = Business\\HRM.Business.Hr.Domain\\HRM.Business.Hr.Domain.csproj
		SccProjectTopLevelParentUniqueName10 = VnResourceHRM\u00208.sln
		SccProjectName10 = Business/HRM.Business.Hr.Domain
		SccLocalPath10 = Business\\HRM.Business.Hr.Domain
		SccProjectUniqueName11 = Business\\HRM.Business.Hr.Models\\HRM.Business.Hr.Models.csproj
		SccProjectTopLevelParentUniqueName11 = VnResourceHRM\u00208.sln
		SccProjectName11 = Business/HRM.Business.Hr.Models
		SccLocalPath11 = Business\\HRM.Business.Hr.Models
		SccProjectUniqueName12 = Business\\HRM.Business.HrmSystem.Models\\HRM.Business.HrmSystem.Models.csproj
		SccProjectTopLevelParentUniqueName12 = VnResourceHRM\u00208.sln
		SccProjectName12 = Business/HRM.Business.HrmSystem.Models
		SccLocalPath12 = Business\\HRM.Business.HrmSystem.Models
		SccProjectUniqueName13 = Business\\HRM.Business.Insurance.Domain\\HRM.Business.Insurance.Domain.csproj
		SccProjectTopLevelParentUniqueName13 = VnResourceHRM\u00208.sln
		SccProjectName13 = Business/HRM.Business.Insurance.Domain
		SccLocalPath13 = Business\\HRM.Business.Insurance.Domain
		SccProjectUniqueName14 = Business\\HRM.Business.Insurance.Models\\HRM.Business.Insurance.Models.csproj
		SccProjectTopLevelParentUniqueName14 = VnResourceHRM\u00208.sln
		SccProjectName14 = Business/HRM.Business.Insurance.Models
		SccLocalPath14 = Business\\HRM.Business.Insurance.Models
		SccProjectUniqueName15 = Business\\HRM.Business.Laundry.Domain\\HRM.Business.Laundry.Domain.csproj
		SccProjectTopLevelParentUniqueName15 = VnResourceHRM\u00208.sln
		SccProjectName15 = Business/HRM.Business.Laundry.Domain
		SccLocalPath15 = Business\\HRM.Business.Laundry.Domain
		SccProjectUniqueName16 = Business\\HRM.Business.Laundry.Models\\HRM.Business.Laundry.Models.csproj
		SccProjectTopLevelParentUniqueName16 = VnResourceHRM\u00208.sln
		SccProjectName16 = Business/HRM.Business.Laundry.Models
		SccLocalPath16 = Business\\HRM.Business.Laundry.Models
		SccProjectUniqueName17 = Business\\HRM.Business.Main.Domain\\HRM.Business.Main.Domain.csproj
		SccProjectTopLevelParentUniqueName17 = VnResourceHRM\u00208.sln
		SccProjectName17 = Business/HRM.Business.Main.Domain
		SccLocalPath17 = Business\\HRM.Business.Main.Domain
		SccProjectUniqueName18 = Business\\HRM.Business.Recruitment.Domain\\HRM.Business.Recruitment.Domain.csproj
		SccProjectTopLevelParentUniqueName18 = VnResourceHRM\u00208.sln
		SccProjectName18 = Business/HRM.Business.Recruitment.Domain
		SccLocalPath18 = Business\\HRM.Business.Recruitment.Domain
		SccProjectUniqueName19 = Business\\HRM.Business.Recruitment.Models\\HRM.Business.Recruitment.Models.csproj
		SccProjectTopLevelParentUniqueName19 = VnResourceHRM\u00208.sln
		SccProjectName19 = Business/HRM.Business.Recruitment.Models
		SccLocalPath19 = Business\\HRM.Business.Recruitment.Models
		SccProjectUniqueName20 = Business\\HRM.Business.System.Domain\\HRM.Business.HrmSystem.Domain.csproj
		SccProjectTopLevelParentUniqueName20 = VnResourceHRM\u00208.sln
		SccProjectName20 = Business/HRM.Business.System.Domain
		SccLocalPath20 = Business\\HRM.Business.System.Domain
		SccProjectUniqueName21 = Data\\HRM.Data.BaseRepository\\HRM.Data.BaseRepository.csproj
		SccProjectTopLevelParentUniqueName21 = VnResourceHRM\u00208.sln
		SccProjectName21 = Data/HRM.Data.BaseRepository
		SccLocalPath21 = Data\\HRM.Data.BaseRepository
		SccProjectUniqueName22 = Data\\HRM.Data.Entity\\HRM.Data.Entity.csproj
		SccProjectTopLevelParentUniqueName22 = VnResourceHRM\u00208.sln
		SccProjectName22 = Data/HRM.Data.Entity
		SccLocalPath22 = Data\\HRM.Data.Entity
		SccProjectUniqueName23 = Data\\HRM.Data.Repository\\HRM.Data.Repository.csproj
		SccProjectTopLevelParentUniqueName23 = VnResourceHRM\u00208.sln
		SccProjectName23 = Data/HRM.Data.Repository
		SccLocalPath23 = Data\\HRM.Data.Repository
		SccProjectUniqueName24 = Infrastructure\\HRM.Infrastructure.CalcEngine\\HRM.Infrastructure.CalcEngine.csproj
		SccProjectTopLevelParentUniqueName24 = VnResourceHRM\u00208.sln
		SccProjectName24 = Infrastructure/HRM.Infrastructure.CalcEngine
		SccLocalPath24 = Infrastructure\\HRM.Infrastructure.CalcEngine
		SccProjectUniqueName25 = Infrastructure\\HRM.Infrastructure.Logging\\HRM.Infrastructure.Logging.csproj
		SccProjectTopLevelParentUniqueName25 = VnResourceHRM\u00208.sln
		SccProjectName25 = Infrastructure/HRM.Infrastructure.Logging
		SccLocalPath25 = Infrastructure\\HRM.Infrastructure.Logging
		SccProjectUniqueName26 = Infrastructure\\HRM.Infrastructure.Security\\HRM.Infrastructure.Security.csproj
		SccProjectTopLevelParentUniqueName26 = VnResourceHRM\u00208.sln
		SccProjectName26 = Infrastructure/HRM.Infrastructure.Security
		SccLocalPath26 = Infrastructure\\HRM.Infrastructure.Security
		SccProjectUniqueName27 = Infrastructure\\HRM.Infrastructure.Utilities\\HRM.Infrastructure.Utilities.csproj
		SccProjectTopLevelParentUniqueName27 = VnResourceHRM\u00208.sln
		SccProjectName27 = Infrastructure/HRM.Infrastructure.Utilities
		SccLocalPath27 = Infrastructure\\HRM.Infrastructure.Utilities
		SccProjectUniqueName28 = Presentation\\HRM.Presentation.Attendance.Models\\HRM.Presentation.Attendance.Models.csproj
		SccProjectTopLevelParentUniqueName28 = VnResourceHRM\u00208.sln
		SccProjectName28 = Presentation/HRM.Presentation.Attendance.Models
		SccLocalPath28 = Presentation\\HRM.Presentation.Attendance.Models
		SccProjectUniqueName29 = Presentation\\HRM.Presentation.Canteen.Models\\HRM.Presentation.Canteen.Models.csproj
		SccProjectTopLevelParentUniqueName29 = VnResourceHRM\u00208.sln
		SccProjectName29 = Presentation/HRM.Presentation.Canteen.Models
		SccLocalPath29 = Presentation\\HRM.Presentation.Canteen.Models
		SccProjectUniqueName30 = Presentation\\HRM.Presentation.Category.Models\\HRM.Presentation.Category.Models.csproj
		SccProjectTopLevelParentUniqueName30 = VnResourceHRM\u00208.sln
		SccProjectName30 = Presentation/HRM.Presentation.Category.Models
		SccLocalPath30 = Presentation\\HRM.Presentation.Category.Models
		SccProjectUniqueName31 = Presentation\\HRM.Presentation.EmpPortal\\HRM.Presentation.EmpPortal.csproj
		SccProjectTopLevelParentUniqueName31 = VnResourceHRM\u00208.sln
		SccProjectName31 = Presentation/HRM.Presentation.EmpPortal
		SccLocalPath31 = Presentation\\HRM.Presentation.EmpPortal
		SccProjectUniqueName32 = Presentation\\HRM.Presentation.Evaluation.Models\\HRM.Presentation.Evaluation.Models.csproj
		SccProjectTopLevelParentUniqueName32 = VnResourceHRM\u00208.sln
		SccProjectName32 = Presentation/HRM.Presentation.Evaluation.Models
		SccLocalPath32 = Presentation\\HRM.Presentation.Evaluation.Models
		SccProjectUniqueName33 = Presentation\\HRM.Presentation.Hr.Models\\HRM.Presentation.Hr.Models.csproj
		SccProjectTopLevelParentUniqueName33 = VnResourceHRM\u00208.sln
		SccProjectName33 = Presentation/HRM.Presentation.Hr.Models
		SccLocalPath33 = Presentation\\HRM.Presentation.Hr.Models
		SccProjectUniqueName34 = Presentation\\HRM.Presentation.Hr.Service\\HRM.Presentation.Hr.Service.csproj
		SccProjectTopLevelParentUniqueName34 = VnResourceHRM\u00208.sln
		SccProjectName34 = Presentation/HRM.Presentation.Hr.Service
		SccLocalPath34 = Presentation\\HRM.Presentation.Hr.Service
		SccProjectUniqueName35 = Presentation\\HRM.Presentation.HrmSystem.Models\\HRM.Presentation.HrmSystem.Models.csproj
		SccProjectTopLevelParentUniqueName35 = VnResourceHRM\u00208.sln
		SccProjectName35 = Presentation/HRM.Presentation.HrmSystem.Models
		SccLocalPath35 = Presentation\\HRM.Presentation.HrmSystem.Models
		SccProjectUniqueName36 = Presentation\\HRM.Presentation.HrmSystem.Service\\HRM.Presentation.HrmSystem.Service.csproj
		SccProjectTopLevelParentUniqueName36 = VnResourceHRM\u00208.sln
		SccProjectName36 = Presentation/HRM.Presentation.HrmSystem.Service
		SccLocalPath36 = Presentation\\HRM.Presentation.HrmSystem.Service
		SccProjectUniqueName37 = Presentation\\HRM.Presentation.Insurance.Models\\HRM.Presentation.Insurance.Models.csproj
		SccProjectTopLevelParentUniqueName37 = VnResourceHRM\u00208.sln
		SccProjectName37 = Presentation/HRM.Presentation.Insurance.Models
		SccLocalPath37 = Presentation\\HRM.Presentation.Insurance.Models
		SccProjectUniqueName38 = Presentation\\HRM.Presentation.Laundry.Models\\HRM.Presentation.Laundry.Models.csproj
		SccProjectTopLevelParentUniqueName38 = VnResourceHRM\u00208.sln
		SccProjectName38 = Presentation/HRM.Presentation.Laundry.Models
		SccLocalPath38 = Presentation\\HRM.Presentation.Laundry.Models
		SccProjectUniqueName39 = Presentation\\HRM.Presentation.Main\\HRM.Presentation.Main.csproj
		SccProjectTopLevelParentUniqueName39 = VnResourceHRM\u00208.sln
		SccProjectName39 = Presentation/HRM.Presentation.Main
		SccLocalPath39 = Presentation\\HRM.Presentation.Main
		SccProjectUniqueName40 = Presentation\\HRM.Presentation.Service\\HRM.Presentation.Service.csproj
		SccProjectTopLevelParentUniqueName40 = VnResourceHRM\u00208.sln
		SccProjectName40 = Presentation/HRM.Presentation.Service
		SccLocalPath40 = Presentation\\HRM.Presentation.Service
		SccProjectUniqueName41 = Presentation\\HRM.Presentation.UI.Controls\\HRM.Presentation.UI.Controls.csproj
		SccProjectTopLevelParentUniqueName41 = VnResourceHRM\u00208.sln
		SccProjectName41 = Presentation/HRM.Presentation.UI.Controls
		SccLocalPath41 = Presentation\\HRM.Presentation.UI.Controls
		SccProjectUniqueName42 = Business\\HRM.Business.Training.Domain\\HRM.Business.Training.Domain.csproj
		SccProjectTopLevelParentUniqueName42 = VnResourceHRM\u00208.sln
		SccProjectName42 = Business/HRM.Business.Training.Domain
		SccLocalPath42 = Business\\HRM.Business.Training.Domain
		SccProjectUniqueName43 = Presentation\\HRM.Presentation.Training.Models\\HRM.Presentation.Training.Models.csproj
		SccProjectTopLevelParentUniqueName43 = VnResourceHRM\u00208.sln
		SccProjectName43 = Presentation/HRM.Presentation.Training.Models
		SccLocalPath43 = Presentation\\HRM.Presentation.Training.Models
		SccProjectUniqueName44 = Business\\HRM.Business.Training.Model\\HRM.Business.Training.Models.csproj
		SccProjectTopLevelParentUniqueName44 = VnResourceHRM\u00208.sln
		SccProjectName44 = Business/HRM.Business.Training.Model
		SccLocalPath44 = Business\\HRM.Business.Training.Model
		SccProjectUniqueName45 = Business\\HRM.Business.Library.Domain\\HRM.Business.Library.Domain.csproj
		SccProjectTopLevelParentUniqueName45 = VnResourceHRM\u00208.sln
		SccProjectName45 = Business/HRM.Business.Library.Domain
		SccLocalPath45 = Business\\HRM.Business.Library.Domain
		SccProjectUniqueName46 = Business\\HRM.Business.Finance.Domain\\HRM.Business.Finance.Domain.csproj
		SccProjectTopLevelParentUniqueName46 = VnResourceHRM\u00208.sln
		SccProjectName46 = Business/HRM.Business.Finance.Domain
		SccLocalPath46 = Business\\HRM.Business.Finance.Domain
		SccProjectUniqueName47 = Business\\HRM.Business.Finance.Models\\HRM.Business.Finance.Models.csproj
		SccProjectTopLevelParentUniqueName47 = VnResourceHRM\u00208.sln
		SccProjectName47 = Business/HRM.Business.Finance.Models
		SccLocalPath47 = Business\\HRM.Business.Finance.Models
		SccProjectUniqueName48 = Business\\HRM.Business.Report.Domain\\HRM.Business.Report.Domain.csproj
		SccProjectTopLevelParentUniqueName48 = VnResourceHRM\u00208.sln
		SccProjectName48 = Business/HRM.Business.Report.Domain
		SccLocalPath48 = Business\\HRM.Business.Report.Domain
		SccProjectUniqueName49 = Business\\HRM.Business.Report.Models\\HRM.Business.Report.Models.csproj
		SccProjectTopLevelParentUniqueName49 = VnResourceHRM\u00208.sln
		SccProjectName49 = Business/HRM.Business.Report.Models
		SccLocalPath49 = Business\\HRM.Business.Report.Models
		SccProjectUniqueName50 = Business\\HRM.Business.Payroll.Domain\\HRM.Business.Payroll.Domain.csproj
		SccProjectTopLevelParentUniqueName50 = VnResourceHRM\u00208.sln
		SccProjectName50 = Business/HRM.Business.Payroll.Domain
		SccLocalPath50 = Business\\HRM.Business.Payroll.Domain
		SccProjectUniqueName51 = Business\\HRM.Business.Payroll.Models\\HRM.Business.Payroll.Models.csproj
		SccProjectTopLevelParentUniqueName51 = VnResourceHRM\u00208.sln
		SccProjectName51 = Business/HRM.Business.Payroll.Models
		SccLocalPath51 = Business\\HRM.Business.Payroll.Models
		SccProjectUniqueName52 = Presentation\\HRM.Presentation.Payroll.Models\\HRM.Presentation.Payroll.Models.csproj
		SccProjectTopLevelParentUniqueName52 = VnResourceHRM\u00208.sln
		SccProjectName52 = Presentation/HRM.Presentation.Payroll.Models
		SccLocalPath52 = Presentation\\HRM.Presentation.Payroll.Models
		SccProjectUniqueName53 = Presentation\\HRM.Presentation.Recruitment.Models\\HRM.Presentation.Recruitment.Models.csproj
		SccProjectTopLevelParentUniqueName53 = VnResourceHRM\u00208.sln
		SccProjectName53 = Presentation/HRM.Presentation.Recruitment.Models
		SccLocalPath53 = Presentation\\HRM.Presentation.Recruitment.Models
	EndGlobalSection
	GlobalSection(SolutionConfigurationPlatforms) = preSolution
		Debug|Any CPU = Debug|Any CPU
		Release|Any CPU = Release|Any CPU
	EndGlobalSection
	GlobalSection(ProjectConfigurationPlatforms) = postSolution
		{DE9567DD-79B7-4474-9290-5E218A484210}.Debug|Any CPU.ActiveCfg = Debug|Any CPU
		{DE9567DD-79B7-4474-9290-5E218A484210}.Debug|Any CPU.Build.0 = Debug|Any CPU
		{DE9567DD-79B7-4474-9290-5E218A484210}.Release|Any CPU.ActiveCfg = Release|Any CPU
		{DE9567DD-79B7-4474-9290-5E218A484210}.Release|Any CPU.Build.0 = Release|Any CPU
		{CE135F01-8B3E-4552-8FA8-12DBD4899A61}.Debug|Any CPU.ActiveCfg = Debug|Any CPU
		{CE135F01-8B3E-4552-8FA8-12DBD4899A61}.Debug|Any CPU.Build.0 = Debug|Any CPU
		{CE135F01-8B3E-4552-8FA8-12DBD4899A61}.Release|Any CPU.ActiveCfg = Release|Any CPU
		{CE135F01-8B3E-4552-8FA8-12DBD4899A61}.Release|Any CPU.Build.0 = Release|Any CPU
		{D5EE1C8B-5D7D-4D56-8ED4-8BCAE309169A}.Debug|Any CPU.ActiveCfg = Debug|Any CPU
		{D5EE1C8B-5D7D-4D56-8ED4-8BCAE309169A}.Debug|Any CPU.Build.0 = Debug|Any CPU
		{D5EE1C8B-5D7D-4D56-8ED4-8BCAE309169A}.Release|Any CPU.ActiveCfg = Release|Any CPU
		{D5EE1C8B-5D7D-4D56-8ED4-8BCAE309169A}.Release|Any CPU.Build.0 = Release|Any CPU
		{D36DE45A-473B-4FE7-ADAB-780015774BA5}.Debug|Any CPU.ActiveCfg = Debug|Any CPU
		{D36DE45A-473B-4FE7-ADAB-780015774BA5}.Debug|Any CPU.Build.0 = Debug|Any CPU
		{D36DE45A-473B-4FE7-ADAB-780015774BA5}.Release|Any CPU.ActiveCfg = Release|Any CPU
		{D36DE45A-473B-4FE7-ADAB-780015774BA5}.Release|Any CPU.Build.0 = Release|Any CPU
		{D8973D14-AF21-4824-9E8C-7D2023A52D3C}.Debug|Any CPU.ActiveCfg = Debug|Any CPU
		{D8973D14-AF21-4824-9E8C-7D2023A52D3C}.Debug|Any CPU.Build.0 = Debug|Any CPU
		{D8973D14-AF21-4824-9E8C-7D2023A52D3C}.Release|Any CPU.ActiveCfg = Release|Any CPU
		{D8973D14-AF21-4824-9E8C-7D2023A52D3C}.Release|Any CPU.Build.0 = Release|Any CPU
		{379B95D4-2793-4DA4-B6F9-73E55140AC68}.Debug|Any CPU.ActiveCfg = Debug|Any CPU
		{379B95D4-2793-4DA4-B6F9-73E55140AC68}.Debug|Any CPU.Build.0 = Debug|Any CPU
		{379B95D4-2793-4DA4-B6F9-73E55140AC68}.Release|Any CPU.ActiveCfg = Release|Any CPU
		{379B95D4-2793-4DA4-B6F9-73E55140AC68}.Release|Any CPU.Build.0 = Release|Any CPU
		{12DE2420-66E6-4C96-B5DD-C3C226E39EC0}.Debug|Any CPU.ActiveCfg = Debug|Any CPU
		{12DE2420-66E6-4C96-B5DD-C3C226E39EC0}.Debug|Any CPU.Build.0 = Debug|Any CPU
		{12DE2420-66E6-4C96-B5DD-C3C226E39EC0}.Release|Any CPU.ActiveCfg = Release|Any CPU
		{12DE2420-66E6-4C96-B5DD-C3C226E39EC0}.Release|Any CPU.Build.0 = Release|Any CPU
		{64BEB912-8F86-4098-9824-49810A9AC311}.Debug|Any CPU.ActiveCfg = Debug|Any CPU
		{64BEB912-8F86-4098-9824-49810A9AC311}.Debug|Any CPU.Build.0 = Debug|Any CPU
		{64BEB912-8F86-4098-9824-49810A9AC311}.Release|Any CPU.ActiveCfg = Release|Any CPU
		{64BEB912-8F86-4098-9824-49810A9AC311}.Release|Any CPU.Build.0 = Release|Any CPU
		{7E7F4CFE-6DB2-4CF9-9751-8475EE29E091}.Debug|Any CPU.ActiveCfg = Debug|Any CPU
		{7E7F4CFE-6DB2-4CF9-9751-8475EE29E091}.Debug|Any CPU.Build.0 = Debug|Any CPU
		{7E7F4CFE-6DB2-4CF9-9751-8475EE29E091}.Release|Any CPU.ActiveCfg = Release|Any CPU
		{7E7F4CFE-6DB2-4CF9-9751-8475EE29E091}.Release|Any CPU.Build.0 = Release|Any CPU
		{F5EB96B7-BC7B-4A60-BBE5-B98376E7CFA1}.Debug|Any CPU.ActiveCfg = Debug|Any CPU
		{F5EB96B7-BC7B-4A60-BBE5-B98376E7CFA1}.Debug|Any CPU.Build.0 = Debug|Any CPU
		{F5EB96B7-BC7B-4A60-BBE5-B98376E7CFA1}.Release|Any CPU.ActiveCfg = Release|Any CPU
		{F5EB96B7-BC7B-4A60-BBE5-B98376E7CFA1}.Release|Any CPU.Build.0 = Release|Any CPU
		{0E3A9A84-28A5-47CE-9BEF-1ED444E12C38}.Debug|Any CPU.ActiveCfg = Debug|Any CPU
		{0E3A9A84-28A5-47CE-9BEF-1ED444E12C38}.Debug|Any CPU.Build.0 = Debug|Any CPU
		{0E3A9A84-28A5-47CE-9BEF-1ED444E12C38}.Release|Any CPU.ActiveCfg = Release|Any CPU
		{0E3A9A84-28A5-47CE-9BEF-1ED444E12C38}.Release|Any CPU.Build.0 = Release|Any CPU
		{589BEEA2-C185-4111-907D-1E4C55CA2EB7}.Debug|Any CPU.ActiveCfg = Debug|Any CPU
		{589BEEA2-C185-4111-907D-1E4C55CA2EB7}.Debug|Any CPU.Build.0 = Debug|Any CPU
		{589BEEA2-C185-4111-907D-1E4C55CA2EB7}.Release|Any CPU.ActiveCfg = Release|Any CPU
		{589BEEA2-C185-4111-907D-1E4C55CA2EB7}.Release|Any CPU.Build.0 = Release|Any CPU
		{722840B3-688A-4435-9277-B509D7E4A14F}.Debug|Any CPU.ActiveCfg = Debug|Any CPU
		{722840B3-688A-4435-9277-B509D7E4A14F}.Debug|Any CPU.Build.0 = Debug|Any CPU
		{722840B3-688A-4435-9277-B509D7E4A14F}.Release|Any CPU.ActiveCfg = Release|Any CPU
		{722840B3-688A-4435-9277-B509D7E4A14F}.Release|Any CPU.Build.0 = Release|Any CPU
		{09EA2554-6D72-48EE-A682-44DFC80E7F2D}.Debug|Any CPU.ActiveCfg = Debug|Any CPU
		{09EA2554-6D72-48EE-A682-44DFC80E7F2D}.Debug|Any CPU.Build.0 = Debug|Any CPU
		{09EA2554-6D72-48EE-A682-44DFC80E7F2D}.Release|Any CPU.ActiveCfg = Release|Any CPU
		{09EA2554-6D72-48EE-A682-44DFC80E7F2D}.Release|Any CPU.Build.0 = Release|Any CPU
		{C4E9CE48-8947-4357-B403-7FBDC30E5B6A}.Debug|Any CPU.ActiveCfg = Debug|Any CPU
		{C4E9CE48-8947-4357-B403-7FBDC30E5B6A}.Debug|Any CPU.Build.0 = Debug|Any CPU
		{C4E9CE48-8947-4357-B403-7FBDC30E5B6A}.Release|Any CPU.ActiveCfg = Release|Any CPU
		{C4E9CE48-8947-4357-B403-7FBDC30E5B6A}.Release|Any CPU.Build.0 = Release|Any CPU
		{62DEB639-1429-4BE2-9187-074352279C77}.Debug|Any CPU.ActiveCfg = Debug|Any CPU
		{62DEB639-1429-4BE2-9187-074352279C77}.Debug|Any CPU.Build.0 = Debug|Any CPU
		{62DEB639-1429-4BE2-9187-074352279C77}.Release|Any CPU.ActiveCfg = Release|Any CPU
		{62DEB639-1429-4BE2-9187-074352279C77}.Release|Any CPU.Build.0 = Release|Any CPU
		{B6C30898-69DD-498F-9B68-65939BF7865F}.Debug|Any CPU.ActiveCfg = Debug|Any CPU
		{B6C30898-69DD-498F-9B68-65939BF7865F}.Debug|Any CPU.Build.0 = Debug|Any CPU
		{B6C30898-69DD-498F-9B68-65939BF7865F}.Release|Any CPU.ActiveCfg = Release|Any CPU
		{B6C30898-69DD-498F-9B68-65939BF7865F}.Release|Any CPU.Build.0 = Release|Any CPU
		{FC400BCF-F5D7-4005-B02A-91EAD7FEA68B}.Debug|Any CPU.ActiveCfg = Debug|Any CPU
		{FC400BCF-F5D7-4005-B02A-91EAD7FEA68B}.Debug|Any CPU.Build.0 = Debug|Any CPU
		{FC400BCF-F5D7-4005-B02A-91EAD7FEA68B}.Release|Any CPU.ActiveCfg = Release|Any CPU
		{FC400BCF-F5D7-4005-B02A-91EAD7FEA68B}.Release|Any CPU.Build.0 = Release|Any CPU
		{F537570E-1A58-4F60-9027-BCE42DF75BC8}.Debug|Any CPU.ActiveCfg = Debug|Any CPU
		{F537570E-1A58-4F60-9027-BCE42DF75BC8}.Debug|Any CPU.Build.0 = Debug|Any CPU
		{F537570E-1A58-4F60-9027-BCE42DF75BC8}.Release|Any CPU.ActiveCfg = Release|Any CPU
		{F537570E-1A58-4F60-9027-BCE42DF75BC8}.Release|Any CPU.Build.0 = Release|Any CPU
		{FDB8C774-5A65-4E61-B647-13D87FBCEAFC}.Debug|Any CPU.ActiveCfg = Debug|Any CPU
		{FDB8C774-5A65-4E61-B647-13D87FBCEAFC}.Debug|Any CPU.Build.0 = Debug|Any CPU
		{FDB8C774-5A65-4E61-B647-13D87FBCEAFC}.Release|Any CPU.ActiveCfg = Release|Any CPU
		{FDB8C774-5A65-4E61-B647-13D87FBCEAFC}.Release|Any CPU.Build.0 = Release|Any CPU
		{FD518449-7EA1-416B-948C-32118DE47D5A}.Debug|Any CPU.ActiveCfg = Debug|Any CPU
		{FD518449-7EA1-416B-948C-32118DE47D5A}.Debug|Any CPU.Build.0 = Debug|Any CPU
		{FD518449-7EA1-416B-948C-32118DE47D5A}.Release|Any CPU.ActiveCfg = Release|Any CPU
		{FD518449-7EA1-416B-948C-32118DE47D5A}.Release|Any CPU.Build.0 = Release|Any CPU
		{E096F5A7-FFE9-4C39-ADA5-F27D93B10D3F}.Debug|Any CPU.ActiveCfg = Debug|Any CPU
		{E096F5A7-FFE9-4C39-ADA5-F27D93B10D3F}.Debug|Any CPU.Build.0 = Debug|Any CPU
		{E096F5A7-FFE9-4C39-ADA5-F27D93B10D3F}.Release|Any CPU.ActiveCfg = Release|Any CPU
		{E096F5A7-FFE9-4C39-ADA5-F27D93B10D3F}.Release|Any CPU.Build.0 = Release|Any CPU
		{82BCA05F-FE8C-4C5A-824B-2477A5DC3973}.Debug|Any CPU.ActiveCfg = Debug|Any CPU
		{82BCA05F-FE8C-4C5A-824B-2477A5DC3973}.Debug|Any CPU.Build.0 = Debug|Any CPU
		{82BCA05F-FE8C-4C5A-824B-2477A5DC3973}.Release|Any CPU.ActiveCfg = Release|Any CPU
		{82BCA05F-FE8C-4C5A-824B-2477A5DC3973}.Release|Any CPU.Build.0 = Release|Any CPU
		{B0E06625-1FC6-4C4C-BEB6-74E0E614DBAD}.Debug|Any CPU.ActiveCfg = Debug|Any CPU
		{B0E06625-1FC6-4C4C-BEB6-74E0E614DBAD}.Debug|Any CPU.Build.0 = Debug|Any CPU
		{B0E06625-1FC6-4C4C-BEB6-74E0E614DBAD}.Release|Any CPU.ActiveCfg = Release|Any CPU
		{B0E06625-1FC6-4C4C-BEB6-74E0E614DBAD}.Release|Any CPU.Build.0 = Release|Any CPU
		{FCDD83F8-2B53-4FBE-A515-639755AB6806}.Debug|Any CPU.ActiveCfg = Debug|Any CPU
		{FCDD83F8-2B53-4FBE-A515-639755AB6806}.Debug|Any CPU.Build.0 = Debug|Any CPU
		{FCDD83F8-2B53-4FBE-A515-639755AB6806}.Release|Any CPU.ActiveCfg = Release|Any CPU
		{FCDD83F8-2B53-4FBE-A515-639755AB6806}.Release|Any CPU.Build.0 = Release|Any CPU
		{CBA00928-0DE5-4515-8DF5-03E0105E5D24}.Debug|Any CPU.ActiveCfg = Debug|Any CPU
		{CBA00928-0DE5-4515-8DF5-03E0105E5D24}.Debug|Any CPU.Build.0 = Debug|Any CPU
		{CBA00928-0DE5-4515-8DF5-03E0105E5D24}.Release|Any CPU.ActiveCfg = Release|Any CPU
		{CBA00928-0DE5-4515-8DF5-03E0105E5D24}.Release|Any CPU.Build.0 = Release|Any CPU
		{8BF02359-8C03-496A-ADCB-F7A4745E6BFD}.Debug|Any CPU.ActiveCfg = Debug|Any CPU
		{8BF02359-8C03-496A-ADCB-F7A4745E6BFD}.Debug|Any CPU.Build.0 = Debug|Any CPU
		{8BF02359-8C03-496A-ADCB-F7A4745E6BFD}.Release|Any CPU.ActiveCfg = Release|Any CPU
		{8BF02359-8C03-496A-ADCB-F7A4745E6BFD}.Release|Any CPU.Build.0 = Release|Any CPU
		{F8F95FFD-BF12-4183-8990-1829F48EA2A6}.Debug|Any CPU.ActiveCfg = Debug|Any CPU
		{F8F95FFD-BF12-4183-8990-1829F48EA2A6}.Debug|Any CPU.Build.0 = Debug|Any CPU
		{F8F95FFD-BF12-4183-8990-1829F48EA2A6}.Release|Any CPU.ActiveCfg = Release|Any CPU
		{F8F95FFD-BF12-4183-8990-1829F48EA2A6}.Release|Any CPU.Build.0 = Release|Any CPU
		{BB647CAF-BE07-4C51-9860-8F76BD0D45F5}.Debug|Any CPU.ActiveCfg = Debug|Any CPU
		{BB647CAF-BE07-4C51-9860-8F76BD0D45F5}.Debug|Any CPU.Build.0 = Debug|Any CPU
		{BB647CAF-BE07-4C51-9860-8F76BD0D45F5}.Release|Any CPU.ActiveCfg = Release|Any CPU
		{BB647CAF-BE07-4C51-9860-8F76BD0D45F5}.Release|Any CPU.Build.0 = Release|Any CPU
		{10468E2B-EF26-440F-8B1B-1E0A4B5F87CD}.Debug|Any CPU.ActiveCfg = Debug|Any CPU
		{10468E2B-EF26-440F-8B1B-1E0A4B5F87CD}.Debug|Any CPU.Build.0 = Debug|Any CPU
		{10468E2B-EF26-440F-8B1B-1E0A4B5F87CD}.Release|Any CPU.ActiveCfg = Release|Any CPU
		{10468E2B-EF26-440F-8B1B-1E0A4B5F87CD}.Release|Any CPU.Build.0 = Release|Any CPU
		{7592E3C6-8B6F-4A63-AB5B-CFA65659335C}.Debug|Any CPU.ActiveCfg = Debug|Any CPU
		{7592E3C6-8B6F-4A63-AB5B-CFA65659335C}.Debug|Any CPU.Build.0 = Debug|Any CPU
		{7592E3C6-8B6F-4A63-AB5B-CFA65659335C}.Release|Any CPU.ActiveCfg = Release|Any CPU
		{7592E3C6-8B6F-4A63-AB5B-CFA65659335C}.Release|Any CPU.Build.0 = Release|Any CPU
		{6BDAA7B5-3D01-400E-9A69-7594D6AE78E1}.Debug|Any CPU.ActiveCfg = Debug|Any CPU
		{6BDAA7B5-3D01-400E-9A69-7594D6AE78E1}.Debug|Any CPU.Build.0 = Debug|Any CPU
		{6BDAA7B5-3D01-400E-9A69-7594D6AE78E1}.Release|Any CPU.ActiveCfg = Release|Any CPU
		{6BDAA7B5-3D01-400E-9A69-7594D6AE78E1}.Release|Any CPU.Build.0 = Release|Any CPU
		{94B5B661-92B6-4EB1-ABEE-A959E818F323}.Debug|Any CPU.ActiveCfg = Debug|Any CPU
		{94B5B661-92B6-4EB1-ABEE-A959E818F323}.Debug|Any CPU.Build.0 = Debug|Any CPU
		{94B5B661-92B6-4EB1-ABEE-A959E818F323}.Release|Any CPU.ActiveCfg = Release|Any CPU
		{94B5B661-92B6-4EB1-ABEE-A959E818F323}.Release|Any CPU.Build.0 = Release|Any CPU
		{277CE600-19C3-47F8-9D0A-72DECDA280E1}.Debug|Any CPU.ActiveCfg = Debug|Any CPU
		{277CE600-19C3-47F8-9D0A-72DECDA280E1}.Debug|Any CPU.Build.0 = Debug|Any CPU
		{277CE600-19C3-47F8-9D0A-72DECDA280E1}.Release|Any CPU.ActiveCfg = Release|Any CPU
		{277CE600-19C3-47F8-9D0A-72DECDA280E1}.Release|Any CPU.Build.0 = Release|Any CPU
		{8B20A055-84A6-485A-8BB4-1572BA29FD09}.Debug|Any CPU.ActiveCfg = Debug|Any CPU
		{8B20A055-84A6-485A-8BB4-1572BA29FD09}.Debug|Any CPU.Build.0 = Debug|Any CPU
		{8B20A055-84A6-485A-8BB4-1572BA29FD09}.Release|Any CPU.ActiveCfg = Release|Any CPU
		{8B20A055-84A6-485A-8BB4-1572BA29FD09}.Release|Any CPU.Build.0 = Release|Any CPU
		{B7A58618-065D-45DF-827B-E4BFCDE95A40}.Debug|Any CPU.ActiveCfg = Debug|Any CPU
		{B7A58618-065D-45DF-827B-E4BFCDE95A40}.Debug|Any CPU.Build.0 = Debug|Any CPU
		{B7A58618-065D-45DF-827B-E4BFCDE95A40}.Release|Any CPU.ActiveCfg = Release|Any CPU
		{B7A58618-065D-45DF-827B-E4BFCDE95A40}.Release|Any CPU.Build.0 = Release|Any CPU
		{B8052119-B37B-4600-88A5-66FBEEF61295}.Debug|Any CPU.ActiveCfg = Debug|Any CPU
		{B8052119-B37B-4600-88A5-66FBEEF61295}.Debug|Any CPU.Build.0 = Debug|Any CPU
		{B8052119-B37B-4600-88A5-66FBEEF61295}.Release|Any CPU.ActiveCfg = Release|Any CPU
		{B8052119-B37B-4600-88A5-66FBEEF61295}.Release|Any CPU.Build.0 = Release|Any CPU
		{C4BFC959-FB35-4391-821D-DE76079F111C}.Debug|Any CPU.ActiveCfg = Debug|Any CPU
		{C4BFC959-FB35-4391-821D-DE76079F111C}.Debug|Any CPU.Build.0 = Debug|Any CPU
		{C4BFC959-FB35-4391-821D-DE76079F111C}.Release|Any CPU.ActiveCfg = Release|Any CPU
		{C4BFC959-FB35-4391-821D-DE76079F111C}.Release|Any CPU.Build.0 = Release|Any CPU
		{5AC13A5F-C05C-4DF7-8709-842433C30B2B}.Debug|Any CPU.ActiveCfg = Debug|Any CPU
		{5AC13A5F-C05C-4DF7-8709-842433C30B2B}.Debug|Any CPU.Build.0 = Debug|Any CPU
		{5AC13A5F-C05C-4DF7-8709-842433C30B2B}.Release|Any CPU.ActiveCfg = Release|Any CPU
		{5AC13A5F-C05C-4DF7-8709-842433C30B2B}.Release|Any CPU.Build.0 = Release|Any CPU
		{C627C156-C2F2-4E5B-BC14-08AD6111441E}.Debug|Any CPU.ActiveCfg = Debug|Any CPU
		{C627C156-C2F2-4E5B-BC14-08AD6111441E}.Debug|Any CPU.Build.0 = Debug|Any CPU
		{C627C156-C2F2-4E5B-BC14-08AD6111441E}.Release|Any CPU.ActiveCfg = Release|Any CPU
		{C627C156-C2F2-4E5B-BC14-08AD6111441E}.Release|Any CPU.Build.0 = Release|Any CPU
		{F5A95BEA-293A-4D5C-8BFC-EEBA5CCD605E}.Debug|Any CPU.ActiveCfg = Debug|Any CPU
		{F5A95BEA-293A-4D5C-8BFC-EEBA5CCD605E}.Debug|Any CPU.Build.0 = Debug|Any CPU
		{F5A95BEA-293A-4D5C-8BFC-EEBA5CCD605E}.Release|Any CPU.ActiveCfg = Release|Any CPU
		{F5A95BEA-293A-4D5C-8BFC-EEBA5CCD605E}.Release|Any CPU.Build.0 = Release|Any CPU
		{7610573D-C841-4DD0-A50F-8406A8CB0B38}.Debug|Any CPU.ActiveCfg = Debug|Any CPU
		{7610573D-C841-4DD0-A50F-8406A8CB0B38}.Debug|Any CPU.Build.0 = Debug|Any CPU
		{7610573D-C841-4DD0-A50F-8406A8CB0B38}.Release|Any CPU.ActiveCfg = Release|Any CPU
		{7610573D-C841-4DD0-A50F-8406A8CB0B38}.Release|Any CPU.Build.0 = Release|Any CPU
		{B734A686-6A93-4EA6-BD07-B2D2BB979C83}.Debug|Any CPU.ActiveCfg = Debug|Any CPU
		{B734A686-6A93-4EA6-BD07-B2D2BB979C83}.Debug|Any CPU.Build.0 = Debug|Any CPU
		{B734A686-6A93-4EA6-BD07-B2D2BB979C83}.Release|Any CPU.ActiveCfg = Release|Any CPU
		{B734A686-6A93-4EA6-BD07-B2D2BB979C83}.Release|Any CPU.Build.0 = Release|Any CPU
		{ECB7EB5B-FCED-4EAF-82A6-6B934B766D58}.Debug|Any CPU.ActiveCfg = Debug|Any CPU
		{ECB7EB5B-FCED-4EAF-82A6-6B934B766D58}.Debug|Any CPU.Build.0 = Debug|Any CPU
		{ECB7EB5B-FCED-4EAF-82A6-6B934B766D58}.Release|Any CPU.ActiveCfg = Release|Any CPU
		{ECB7EB5B-FCED-4EAF-82A6-6B934B766D58}.Release|Any CPU.Build.0 = Release|Any CPU
		{926D24C6-64F4-43DE-9E78-987D188E13A2}.Debug|Any CPU.ActiveCfg = Debug|Any CPU
		{926D24C6-64F4-43DE-9E78-987D188E13A2}.Debug|Any CPU.Build.0 = Debug|Any CPU
		{926D24C6-64F4-43DE-9E78-987D188E13A2}.Release|Any CPU.ActiveCfg = Release|Any CPU
		{926D24C6-64F4-43DE-9E78-987D188E13A2}.Release|Any CPU.Build.0 = Release|Any CPU
		{639827D9-0826-4B1F-ACD7-8A0A6B1B3A59}.Debug|Any CPU.ActiveCfg = Debug|Any CPU
		{639827D9-0826-4B1F-ACD7-8A0A6B1B3A59}.Debug|Any CPU.Build.0 = Debug|Any CPU
		{639827D9-0826-4B1F-ACD7-8A0A6B1B3A59}.Release|Any CPU.ActiveCfg = Release|Any CPU
		{639827D9-0826-4B1F-ACD7-8A0A6B1B3A59}.Release|Any CPU.Build.0 = Release|Any CPU
		{BA34EF07-BF38-4F4E-B6D6-AD0901AB4A8F}.Debug|Any CPU.ActiveCfg = Debug|Any CPU
		{BA34EF07-BF38-4F4E-B6D6-AD0901AB4A8F}.Debug|Any CPU.Build.0 = Debug|Any CPU
		{BA34EF07-BF38-4F4E-B6D6-AD0901AB4A8F}.Release|Any CPU.ActiveCfg = Release|Any CPU
		{BA34EF07-BF38-4F4E-B6D6-AD0901AB4A8F}.Release|Any CPU.Build.0 = Release|Any CPU
		{F42AA921-CE32-4710-B589-68E7E45E4138}.Debug|Any CPU.ActiveCfg = Debug|Any CPU
		{F42AA921-CE32-4710-B589-68E7E45E4138}.Debug|Any CPU.Build.0 = Debug|Any CPU
		{F42AA921-CE32-4710-B589-68E7E45E4138}.Release|Any CPU.ActiveCfg = Release|Any CPU
		{F42AA921-CE32-4710-B589-68E7E45E4138}.Release|Any CPU.Build.0 = Release|Any CPU
		{BCDA6D3E-5CFA-4708-80E6-47705D43FC21}.Debug|Any CPU.ActiveCfg = Debug|Any CPU
		{BCDA6D3E-5CFA-4708-80E6-47705D43FC21}.Debug|Any CPU.Build.0 = Debug|Any CPU
		{BCDA6D3E-5CFA-4708-80E6-47705D43FC21}.Release|Any CPU.ActiveCfg = Release|Any CPU
		{BCDA6D3E-5CFA-4708-80E6-47705D43FC21}.Release|Any CPU.Build.0 = Release|Any CPU
		{02EC1F5B-8E30-4DD8-BFD4-9A093BE4A6C3}.Debug|Any CPU.ActiveCfg = Debug|Any CPU
		{02EC1F5B-8E30-4DD8-BFD4-9A093BE4A6C3}.Debug|Any CPU.Build.0 = Debug|Any CPU
		{02EC1F5B-8E30-4DD8-BFD4-9A093BE4A6C3}.Release|Any CPU.ActiveCfg = Release|Any CPU
		{02EC1F5B-8E30-4DD8-BFD4-9A093BE4A6C3}.Release|Any CPU.Build.0 = Release|Any CPU
		{58D64F4A-E33B-4DE0-8089-2E9876935758}.Debug|Any CPU.ActiveCfg = Debug|Any CPU
		{58D64F4A-E33B-4DE0-8089-2E9876935758}.Debug|Any CPU.Build.0 = Debug|Any CPU
		{58D64F4A-E33B-4DE0-8089-2E9876935758}.Release|Any CPU.ActiveCfg = Release|Any CPU
		{58D64F4A-E33B-4DE0-8089-2E9876935758}.Release|Any CPU.Build.0 = Release|Any CPU
		{D04A8FD5-A96A-4B0D-AB4E-A0F4B9CE360A}.Debug|Any CPU.ActiveCfg = Debug|Any CPU
		{D04A8FD5-A96A-4B0D-AB4E-A0F4B9CE360A}.Debug|Any CPU.Build.0 = Debug|Any CPU
		{D04A8FD5-A96A-4B0D-AB4E-A0F4B9CE360A}.Release|Any CPU.ActiveCfg = Release|Any CPU
		{D04A8FD5-A96A-4B0D-AB4E-A0F4B9CE360A}.Release|Any CPU.Build.0 = Release|Any CPU
		{8FF3AAC7-DF7C-4F20-8957-118A229C11EA}.Debug|Any CPU.ActiveCfg = Debug|Any CPU
		{8FF3AAC7-DF7C-4F20-8957-118A229C11EA}.Debug|Any CPU.Build.0 = Debug|Any CPU
		{8FF3AAC7-DF7C-4F20-8957-118A229C11EA}.Release|Any CPU.ActiveCfg = Release|Any CPU
		{8FF3AAC7-DF7C-4F20-8957-118A229C11EA}.Release|Any CPU.Build.0 = Release|Any CPU
	EndGlobalSection
	GlobalSection(SolutionProperties) = preSolution
		HideSolutionNode = FALSE
	EndGlobalSection
	GlobalSection(NestedProjects) = preSolution
		{5A4F32B3-51D8-44F0-9887-EF753F83D62E} = {0151A8AA-5E00-4924-A7BC-543A70D68892}
		{D36DE45A-473B-4FE7-ADAB-780015774BA5} = {0151A8AA-5E00-4924-A7BC-543A70D68892}
		{379B95D4-2793-4DA4-B6F9-73E55140AC68} = {0151A8AA-5E00-4924-A7BC-543A70D68892}
		{7E7F4CFE-6DB2-4CF9-9751-8475EE29E091} = {0151A8AA-5E00-4924-A7BC-543A70D68892}
		{0E3A9A84-28A5-47CE-9BEF-1ED444E12C38} = {0151A8AA-5E00-4924-A7BC-543A70D68892}
		{589BEEA2-C185-4111-907D-1E4C55CA2EB7} = {0151A8AA-5E00-4924-A7BC-543A70D68892}
		{09EA2554-6D72-48EE-A682-44DFC80E7F2D} = {0151A8AA-5E00-4924-A7BC-543A70D68892}
		{62DEB639-1429-4BE2-9187-074352279C77} = {0151A8AA-5E00-4924-A7BC-543A70D68892}
		{25056028-3F3B-41F5-B474-445FE91074E3} = {0151A8AA-5E00-4924-A7BC-543A70D68892}
		{FCDD83F8-2B53-4FBE-A515-639755AB6806} = {0151A8AA-5E00-4924-A7BC-543A70D68892}
		{CBA00928-0DE5-4515-8DF5-03E0105E5D24} = {0151A8AA-5E00-4924-A7BC-543A70D68892}
		{8BF02359-8C03-496A-ADCB-F7A4745E6BFD} = {0151A8AA-5E00-4924-A7BC-543A70D68892}
		{6BDAA7B5-3D01-400E-9A69-7594D6AE78E1} = {0151A8AA-5E00-4924-A7BC-543A70D68892}
		{94B5B661-92B6-4EB1-ABEE-A959E818F323} = {0151A8AA-5E00-4924-A7BC-543A70D68892}
		{B7A58618-065D-45DF-827B-E4BFCDE95A40} = {0151A8AA-5E00-4924-A7BC-543A70D68892}
		{C627C156-C2F2-4E5B-BC14-08AD6111441E} = {0151A8AA-5E00-4924-A7BC-543A70D68892}
		{ECB7EB5B-FCED-4EAF-82A6-6B934B766D58} = {0151A8AA-5E00-4924-A7BC-543A70D68892}
		{D04A8FD5-A96A-4B0D-AB4E-A0F4B9CE360A} = {0151A8AA-5E00-4924-A7BC-543A70D68892}
		{8FF3AAC7-DF7C-4F20-8957-118A229C11EA} = {0151A8AA-5E00-4924-A7BC-543A70D68892}
		{DE9567DD-79B7-4474-9290-5E218A484210} = {2EA246D5-77D6-4E17-8EF5-591CA15D4E98}
		{CE135F01-8B3E-4552-8FA8-12DBD4899A61} = {2EA246D5-77D6-4E17-8EF5-591CA15D4E98}
		{D5EE1C8B-5D7D-4D56-8ED4-8BCAE309169A} = {2EA246D5-77D6-4E17-8EF5-591CA15D4E98}
		{F5A95BEA-293A-4D5C-8BFC-EEBA5CCD605E} = {2EA246D5-77D6-4E17-8EF5-591CA15D4E98}
		{64BEB912-8F86-4098-9824-49810A9AC311} = {05824268-64EF-4A7B-B753-CD44138A7EDE}
		{F8F95FFD-BF12-4183-8990-1829F48EA2A6} = {05824268-64EF-4A7B-B753-CD44138A7EDE}
		{5AC13A5F-C05C-4DF7-8709-842433C30B2B} = {05824268-64EF-4A7B-B753-CD44138A7EDE}
		{D8973D14-AF21-4824-9E8C-7D2023A52D3C} = {23A218C7-5AA3-478B-A811-47D4C36B35F5}
		{12DE2420-66E6-4C96-B5DD-C3C226E39EC0} = {23A218C7-5AA3-478B-A811-47D4C36B35F5}
		{F5EB96B7-BC7B-4A60-BBE5-B98376E7CFA1} = {23A218C7-5AA3-478B-A811-47D4C36B35F5}
		{722840B3-688A-4435-9277-B509D7E4A14F} = {23A218C7-5AA3-478B-A811-47D4C36B35F5}
		{C4E9CE48-8947-4357-B403-7FBDC30E5B6A} = {23A218C7-5AA3-478B-A811-47D4C36B35F5}
		{B6C30898-69DD-498F-9B68-65939BF7865F} = {23A218C7-5AA3-478B-A811-47D4C36B35F5}
		{FC400BCF-F5D7-4005-B02A-91EAD7FEA68B} = {23A218C7-5AA3-478B-A811-47D4C36B35F5}
		{F537570E-1A58-4F60-9027-BCE42DF75BC8} = {23A218C7-5AA3-478B-A811-47D4C36B35F5}
		{FDB8C774-5A65-4E61-B647-13D87FBCEAFC} = {23A218C7-5AA3-478B-A811-47D4C36B35F5}
		{FD518449-7EA1-416B-948C-32118DE47D5A} = {23A218C7-5AA3-478B-A811-47D4C36B35F5}
		{E096F5A7-FFE9-4C39-ADA5-F27D93B10D3F} = {23A218C7-5AA3-478B-A811-47D4C36B35F5}
		{82BCA05F-FE8C-4C5A-824B-2477A5DC3973} = {23A218C7-5AA3-478B-A811-47D4C36B35F5}
		{B0E06625-1FC6-4C4C-BEB6-74E0E614DBAD} = {23A218C7-5AA3-478B-A811-47D4C36B35F5}
		{BB647CAF-BE07-4C51-9860-8F76BD0D45F5} = {23A218C7-5AA3-478B-A811-47D4C36B35F5}
		{10468E2B-EF26-440F-8B1B-1E0A4B5F87CD} = {23A218C7-5AA3-478B-A811-47D4C36B35F5}
		{7592E3C6-8B6F-4A63-AB5B-CFA65659335C} = {23A218C7-5AA3-478B-A811-47D4C36B35F5}
		{277CE600-19C3-47F8-9D0A-72DECDA280E1} = {23A218C7-5AA3-478B-A811-47D4C36B35F5}
		{8B20A055-84A6-485A-8BB4-1572BA29FD09} = {23A218C7-5AA3-478B-A811-47D4C36B35F5}
		{B8052119-B37B-4600-88A5-66FBEEF61295} = {23A218C7-5AA3-478B-A811-47D4C36B35F5}
		{C4BFC959-FB35-4391-821D-DE76079F111C} = {23A218C7-5AA3-478B-A811-47D4C36B35F5}
		{7610573D-C841-4DD0-A50F-8406A8CB0B38} = {23A218C7-5AA3-478B-A811-47D4C36B35F5}
		{B734A686-6A93-4EA6-BD07-B2D2BB979C83} = {23A218C7-5AA3-478B-A811-47D4C36B35F5}
		{926D24C6-64F4-43DE-9E78-987D188E13A2} = {23A218C7-5AA3-478B-A811-47D4C36B35F5}
		{639827D9-0826-4B1F-ACD7-8A0A6B1B3A59} = {23A218C7-5AA3-478B-A811-47D4C36B35F5}
		{BA34EF07-BF38-4F4E-B6D6-AD0901AB4A8F} = {23A218C7-5AA3-478B-A811-47D4C36B35F5}
		{F42AA921-CE32-4710-B589-68E7E45E4138} = {23A218C7-5AA3-478B-A811-47D4C36B35F5}
		{BCDA6D3E-5CFA-4708-80E6-47705D43FC21} = {23A218C7-5AA3-478B-A811-47D4C36B35F5}
		{02EC1F5B-8E30-4DD8-BFD4-9A093BE4A6C3} = {23A218C7-5AA3-478B-A811-47D4C36B35F5}
		{58D64F4A-E33B-4DE0-8089-2E9876935758} = {23A218C7-5AA3-478B-A811-47D4C36B35F5}
	EndGlobalSection
EndGlobal
